
Microsoft Visual Studio Solution File, Format Version 12.00
# Visual Studio Version 16
VisualStudioVersion = 16.0.30804.86
MinimumVisualStudioVersion = 10.0.40219.1
Project("{FAE04EC0-301F-11D3-BF4B-00C04F79EFBC}") = "EnvoyXDS_API", "EnvoyXDS_API\EnvoyXDS_API.csproj", "{C7EBB10E-0579-49FE-A8D2-99C63EF96D78}"
EndProject
Global
	GlobalSection(SolutionConfigurationPlatforms) = preSolution
		Debug|Any CPU = Debug|Any CPU
		Release|Any CPU = Release|Any CPU
	EndGlobalSection
	GlobalSection(ProjectConfigurationPlatforms) = postSolution
		{C7EBB10E-0579-49FE-A8D2-99C63EF96D78}.Debug|Any CPU.ActiveCfg = Debug|Any CPU
		{C7EBB10E-0579-49FE-A8D2-99C63EF96D78}.Debug|Any CPU.Build.0 = Debug|Any CPU
		{C7EBB10E-0579-49FE-A8D2-99C63EF96D78}.Release|Any CPU.ActiveCfg = Release|Any CPU
		{C7EBB10E-0579-49FE-A8D2-99C63EF96D78}.Release|Any CPU.Build.0 = Release|Any CPU
	EndGlobalSection
	GlobalSection(SolutionProperties) = preSolution
		HideSolutionNode = FALSE
	EndGlobalSection
	GlobalSection(ExtensibilityGlobals) = postSolution
		SolutionGuid = {FD019940-18EA-400A-AB8A-F99E230555DC}
	EndGlobalSection
EndGlobal
